github.com/DataDog/gopsutil v0.0.0-20211117161807-6301733ae21b h1:s3YBoPJLDVmaHdrTyFh5IvCGPT/9Axk+IAP7EEJwwKA=
github.com/DataDog/gopsutil v0.0.0-20211117161807-6301733ae21b/go.mod h1:glkxNt/qRu9lnpmUEQwOIAXW+COWDTBOTEAHqbgBPts=
github.com/StackExchange/wmi v0.0.0-20181212234831-e0a55b97c705 h1:UUppSQnhf4Yc6xGxSkoQpPhb7RVzuv5Nb1mwJ5VId9s=
github.com/StackExchange/wmi v0.0.0-20181212234831-e0a55b97c705/go.mod h1:3eOhrUMpNV+6aFIbp5/iudMxNCF27Vw2OZgy4xEx0Fg=
github.com/avast/retry-go v3.0.0+incompatible h1:4SOWQ7Qs+oroOTQOYnAHqelpCO0biHSxpiH9JdtuBj0=
github.com/avast/retry-go v3.0.0+incompatible/go.mod h1:XtSnn+n/sHqQIpZ10K1qAevBhOOCWBLXXy3hyiqqBrY=
github.com/cihub/seelog v0.0.0-20170130134532-f561c5e57575 h1:kHaBemcxl8o/pQ5VM1c8PVE1PubbNx3mjUr09OqWGCs=
github.com/cihub/seelog v0.0.0-20170130134532-f561c5e57575/go.mod h1:9d6lWj8KzO/fd/NrVaLscBKmPigpZpn5YawRPw+e3Yo=
github.com/cilium/ebpf v0.9.0 h1:ldiV+FscPCQ/p3mNEV4O02EPbUZJFsoEtHvIr9xLTvk=
github.com/cilium/ebpf v0.9.0/go.mod h1:+OhNOIXx/Fnu1IE8bJz2dzOA+VSfyTfdNUVdlQnxUFY=
github.com/creack/pty v1.1.9/go.mod h1:oKZEueFk5CKHvIhNR5MUki03XCEU+Q6VDXinZuGJ33E=
github.com/davecgh/go-spew v1.1.0/go.mod h1:J7Y8YcW2NihsgmVo/mv3lAwl/skON4iLHjSsI+c5H38=
github.com/davecgh/go-spew v1.1.1 h1:vj9j/u1bqnvCEfJOwUhtlOARqs3+rkHYY13jYWTU97c=
github.com/davecgh/go-spew v1.1.1/go.mod h1:J7Y8YcW2NihsgmVo/mv3lAwl/skON4iLHjSsI+c5H38=
github.com/frankban/quicktest v1.14.0 h1:+cqqvzZV87b4adx/5ayVOaYZ2CrvM4ejQvUdBzPPUss=
github.com/frankban/quicktest v1.14.0/go.mod h1:NeW+ay9A/U67EYXNFA1nPE8e/tnQv/09mUdL/ijj8og=
github.com/go-ole/go-ole v1.2.4 h1:nNBDSCOigTSiarFpYE9J/KtEA1IOW4CNeqT9TQDqCxI=
github.com/go-ole/go-ole v1.2.4/go.mod h1:XCwSNxSkXRo4vlyPy93sltvi/qJq0jqQhjqQNIwKuxM=
github.com/google/go-cmp v0.5.6 h1:BKbKCqvP6I+rmFHt06ZmyQtvB8xAkWdhFyr0ZUNZcxQ=
github.com/google/go-cmp v0.5.6/go.mod h1:v8dTdLbMG2kIc/vJvl+f65V22dbkXbowE6jgT/gNBxE=
github.com/hashicorp/errwrap v1.0.0 h1:hLrqtEDnRye3+sgx6z4qVLNuviH3MR5aQ0ykNJa/UYA=
github.com/hashicorp/errwrap v1.0.0/go.mod h1:YH+1FKiLXxHSkmPseP+kNlulaMuP3n2brvKWEqk/Jc4=
github.com/hashicorp/go-multierror v1.1.1 h1:H5DkEtf6CXdFp0N0Em5UCwQpXMWke8IA0+lD48awMYo=
github.com/hashicorp/go-multierror v1.1.1/go.mod h1:iw975J/qwKPdAO1clOe2L8331t/9/fmwbPZ6JB6eMoM=
github.com/kr/pretty v0.1.0/go.mod h1:dAy3ld7l9f0ibDNOQOHHMYYIIbhfbHSm3C4ZsoJORNo=
github.com/kr/pretty v0.3.0 h1:WgNl7dwNpEZ6jJ9k1snq4pZsg7DOEN8hP9Xw0Tsjwk0=
github.com/kr/pretty v0.3.0/go.mod h1:640gp4NfQd8pI5XOwp5fnNeVWj67G7CFk/SaSQn7NBk=
github.com/kr/pty v1.1.1/go.mod h1:pFQYn66WHrOpPYNljwOMqo10TkYh1fy3cYio2l3bCsQ=
github.com/kr/text v0.1.0/go.mod h1:4Jbv+DJW3UT/LiOwJeYQe1efqtUx/iVham/4vfdArNI=
github.com/kr/text v0.2.0 h1:5Nx0Ya0ZqY2ygV366QzturHI13Jq95ApcVaJBhpS+AY=
github.com/kr/text v0.2.0/go.mod h1:eLer722TekiGuMkidMxC/pM04lWEeraHUUmBw8l2grE=
github.com/pmezard/go-difflib v1.0.0 h1:4DBwDE0NGyQoBHbLQYPwSUPoCMWR5BEzIk/f1lZbAQM=
github.com/pmezard/go-difflib v1.0.0/go.mod h1:iKH77koFhYxTK1pcRnkKkqfTogsbg7gZNVY4sRDYZ/4=
github.com/rogpeppe/go-internal v1.6.1 h1:/FiVV8dS/e+YqF2JvO3yXRFbBLTIuSDkuC7aBOAvL+k=
github.com/rogpeppe/go-internal v1.6.1/go.mod h1:xXDCJY+GAPziupqXw64V24skbSoqbTEfhy4qGm1nDQc=
github.com/shirou/w32 v0.0.0-20160930032740-bb4de0191aa4 h1:udFKJ0aHUL60LboW/A+DfgoHVedieIzIXE8uylPue0U=
github.com/shirou/w32 v0.0.0-20160930032740-bb4de0191aa4/go.mod h1:qsXQc7+bwAM3Q1u/4XEfrquwF8Lw7D7y5cD8CuHnfIc=
github.com/sirupsen/logrus v1.8.1 h1:dJKuHgqk1NNQlqoA6BTlM1Wf9DOH3NBjQyu0h9+AZZE=
github.com/sirupsen/logrus v1.8.1/go.mod h1:yWOB1SBYBC5VeMP7gHvWumXLIWorT60ONWic61uBYv0=
github.com/stretchr/objx v0.1.0/go.mod h1:HFkY916IF+rwdDfMAkV7OtwuqBVzrE8GR6GFx+wExME=
github.com/stretchr/testify v1.2.2/go.mod h1:a8OnRcib4nhh0OaRAV+Yts87kKdq0PP7pXfy6kDkUVs=
github.com/stretchr/testify v1.3.0 h1:TivCn/peBQ7UY8ooIcPgZFpTNSz0Q2U6UrFlUfqbe0Q=
github.com/stretchr/testify v1.3.0/go.mod h1:M5WIy9Dh21IEIfnGCwXGc5bZfKNJtfHm1UVUgZn+9EI=
github.com/vishvananda/netlink v1.1.1-0.20220316193741-b112db377d18 h1:nBq2uYJYTG5nfCjOSQk8lkUV98R2YEu4UHw8y4grg3E=
github.com/vishvananda/netlink v1.1.1-0.20220316193741-b112db377d18/go.mod h1:twkDnbuQxJYemMlGd4JFIcuhgX83tXhKS2B/PRMpOho=
github.com/vishvananda/netns v0.0.0-20200728191858-db3c7e526aae h1:4hwBBUfQCFe3Cym0ZtKyq7L16eZUtYKs+BaHDN6mAns=
github.com/vishvananda/netns v0.0.0-20200728191858-db3c7e526aae/go.mod h1:DD4vA1DwXk04H54A1oHXtwZmA0grkVMdPxx/VGLCah0=
golang.org/x/sys v0.0.0-20191026070338-33540a1f6037/go.mod h1:h1NjWce9XRLGQEsW7wpKNCjG9DtNlClVuFLEZdDNbEs=
golang.org/x/sys v0.0.0-20200217220822-9197077df867/go.mod h1:h1NjWce9XRLGQEsW7wpKNCjG9DtNlClVuFLEZdDNbEs=
golang.org/x/sys v0.0.0-20200728102440-3e129f6d46b1/go.mod h1:h1NjWce9XRLGQEsW7wpKNCjG9DtNlClVuFLEZdDNbEs=
golang.org/x/sys v0.0.0-20210823070655-63515b42dcdf/go.mod h1:oPkhp1MJrh7nUepCBck5+mAzfO9JrbApNNgaTdGDITg=
golang.org/x/sys v0.0.0-20210906170528-6f6e22806c34/go.mod h1:oPkhp1MJrh7nUepCBck5+mAzfO9JrbApNNgaTdGDITg=
golang.org/x/sys v0.0.0-20210921065528-437939a70204 h1:JJhkWtBuTQKyz2bd5WG9H8iUsJRU3En/KRfN8B2RnDs=
golang.org/x/sys v0.0.0-20210921065528-437939a70204/go.mod h1:oPkhp1MJrh7nUepCBck5+mAzfO9JrbApNNgaTdGDITg=
golang.org/x/xerrors v0.0.0-20191204190536-9bdfabe68543/go.mod h1:I/5z698sn9Ka8TeJc9MKroUUfqBBauWjQqLJ2OPfmY0=
golang.org/x/xerrors v0.0.0-20200804184101-5ec99f83aff1 h1:go1bK/D/BFZV2I8cIQd1NKEZ+0owSTG1fDTci4IqFcE=
golang.org/x/xerrors v0.0.0-20200804184101-5ec99f83aff1/go.mod h1:I/5z698sn9Ka8TeJc9MKroUUfqBBauWjQqLJ2OPfmY0=
gopkg.in/check.v1 v1.0.0-20180628173108-788fd7840127/go.mod h1:Co6ibVJAznAaIkqp8huTwlJQCZ016jof/cbN4VW5Yz0=
gopkg.in/errgo.v2 v2.1.0/go.mod h1:hNsd1EY+bozCKY1Ytp96fpM3vjJbqLJn88ws8XvfDNI=
